<?xml version="1.0" encoding="utf-8"?>
<Project ToolsVersion="4.0" xmlns="http://schemas.microsoft.com/developer/msbuild/2003">
  <ItemGroup>
    <Filter Include="Nozes">
      <UniqueIdentifier>{F469C10D-607E-E9BE-2900-8D1E95D3E5EF}</UniqueIdentifier>
    </Filter>
  </ItemGroup>
  <ItemGroup>
    <ClInclude Include="src\Nozes.h" />
    <ClInclude Include="src\Nozes\Application.h">
      <Filter>Nozes</Filter>
    </ClInclude>
    <ClInclude Include="src\Nozes\Core.h">
      <Filter>Nozes</Filter>
    </ClInclude>
    <ClInclude Include="src\Nozes\EntryPoint.h">
      <Filter>Nozes</Filter>
    </ClInclude>
    <ClInclude Include="src\Nozes\Log.h">
      <Filter>Nozes</Filter>
    </ClInclude>
  </ItemGroup>
  <ItemGroup>
    <ClCompile Include="src\Nozes\Application.cpp">
      <Filter>Nozes</Filter>
    </ClCompile>
    <ClCompile Include="src\Nozes\Log.cpp">
      <Filter>Nozes</Filter>
    </ClCompile>
  </ItemGroup>
</Project>